
Microsoft Visual Studio Solution File, Format Version 12.00
# Visual Studio Version 16
VisualStudioVersion = 16.0.31729.503
MinimumVisualStudioVersion = 10.0.40219.1
Project("{FAE04EC0-301F-11D3-BF4B-00C04F79EFBC}") = "Ex01_01", "Ex01_01\Ex01_01.csproj", "{0F8A7C46-96A0-41CB-987C-4956185463CD}"
EndProject
Project("{FAE04EC0-301F-11D3-BF4B-00C04F79EFBC}") = "Ex01_02", "Ex01_02\Ex01_02.csproj", "{77E7BCCC-60A6-4866-B10E-841A280D8FDF}"
EndProject
Project("{FAE04EC0-301F-11D3-BF4B-00C04F79EFBC}") = "Ex01_03", "Ex01_03\Ex01_03.csproj", "{BF8B4399-71B5-44C4-893F-C6346CD7ECE5}"
EndProject
Project("{FAE04EC0-301F-11D3-BF4B-00C04F79EFBC}") = "Ex01_04", "Ex01_04\Ex01_04.csproj", "{88FBB7C5-D924-44EE-BE0A-88654A8F04CA}"
EndProject
Project("{FAE04EC0-301F-11D3-BF4B-00C04F79EFBC}") = "Ex01_05", "Ex01_05\Ex01_05.csproj", "{A5D2C908-C5D4-4B10-9892-E805167AFF67}"
EndProject
Global
	GlobalSection(SolutionConfigurationPlatforms) = preSolution
		Debug|Any CPU = Debug|Any CPU
		Release|Any CPU = Release|Any CPU
	EndGlobalSection
	GlobalSection(ProjectConfigurationPlatforms) = postSolution
		{0F8A7C46-96A0-41CB-987C-4956185463CD}.Debug|Any CPU.ActiveCfg = Debug|Any CPU
		{0F8A7C46-96A0-41CB-987C-4956185463CD}.Debug|Any CPU.Build.0 = Debug|Any CPU
		{0F8A7C46-96A0-41CB-987C-4956185463CD}.Release|Any CPU.ActiveCfg = Release|Any CPU
		{0F8A7C46-96A0-41CB-987C-4956185463CD}.Release|Any CPU.Build.0 = Release|Any CPU
		{77E7BCCC-60A6-4866-B10E-841A280D8FDF}.Debug|Any CPU.ActiveCfg = Debug|Any CPU
		{77E7BCCC-60A6-4866-B10E-841A280D8FDF}.Debug|Any CPU.Build.0 = Debug|Any CPU
		{77E7BCCC-60A6-4866-B10E-841A280D8FDF}.Release|Any CPU.ActiveCfg = Release|Any CPU
		{77E7BCCC-60A6-4866-B10E-841A280D8FDF}.Release|Any CPU.Build.0 = Release|Any CPU
		{BF8B4399-71B5-44C4-893F-C6346CD7ECE5}.Debug|Any CPU.ActiveCfg = Debug|Any CPU
		{BF8B4399-71B5-44C4-893F-C6346CD7ECE5}.Debug|Any CPU.Build.0 = Debug|Any CPU
		{BF8B4399-71B5-44C4-893F-C6346CD7ECE5}.Release|Any CPU.ActiveCfg = Release|Any CPU
		{BF8B4399-71B5-44C4-893F-C6346CD7ECE5}.Release|Any CPU.Build.0 = Release|Any CPU
		{88FBB7C5-D924-44EE-BE0A-88654A8F04CA}.Debug|Any CPU.ActiveCfg = Debug|Any CPU
		{88FBB7C5-D924-44EE-BE0A-88654A8F04CA}.Debug|Any CPU.Build.0 = Debug|Any CPU
		{88FBB7C5-D924-44EE-BE0A-88654A8F04CA}.Release|Any CPU.ActiveCfg = Release|Any CPU
		{88FBB7C5-D924-44EE-BE0A-88654A8F04CA}.Release|Any CPU.Build.0 = Release|Any CPU
		{A5D2C908-C5D4-4B10-9892-E805167AFF67}.Debug|Any CPU.ActiveCfg = Debug|Any CPU
		{A5D2C908-C5D4-4B10-9892-E805167AFF67}.Debug|Any CPU.Build.0 = Debug|Any CPU
		{A5D2C908-C5D4-4B10-9892-E805167AFF67}.Release|Any CPU.ActiveCfg = Release|Any CPU
		{A5D2C908-C5D4-4B10-9892-E805167AFF67}.Release|Any CPU.Build.0 = Release|Any CPU
	EndGlobalSection
	GlobalSection(SolutionProperties) = preSolution
		HideSolutionNode = FALSE
	EndGlobalSection
	GlobalSection(ExtensibilityGlobals) = postSolution
		SolutionGuid = {73F417BB-5EC3-4C9F-9E3E-482BC2B8A99C}
	EndGlobalSection
EndGlobal
